
Microsoft Visual Studio Solution File, Format Version 12.00
# Visual Studio 2013
VisualStudioVersion = 12.0.30626.0
MinimumVisualStudioVersion = 10.0.40219.1
Project("{FAE04EC0-301F-11D3-BF4B-00C04F79EFBC}") = "VietnamBusInfo", "VietnamBusInfo\VietnamBusInfo.csproj", "{7D34AFD0-0ED0-4EF1-BB1B-289F9A372BCB}"
EndProject
Global
	GlobalSection(TeamFoundationVersionControl) = preSolution
		SccNumberOfProjects = 2
		SccEnterpriseProvider = {4CA58AB2-18FA-4F8D-95D4-32DDF27D184C}
		SccTeamFoundationServer = https://cuoilennaocacban.visualstudio.com/defaultcollection
		SccProjectUniqueName0 = VietnamBusInfo\\VietnamBusInfo.csproj
		SccProjectName0 = VietnamBusInfo
		SccLocalPath0 = VietnamBusInfo
		SccLocalPath1 = .
	EndGlobalSection
	GlobalSection(SolutionConfigurationPlatforms) = preSolution
		Debug|Any CPU = Debug|Any CPU
		Debug|ARM = Debug|ARM
		Debug|x64 = Debug|x64
		Debug|x86 = Debug|x86
		Release|Any CPU = Release|Any CPU
		Release|ARM = Release|ARM
		Release|x64 = Release|x64
		Release|x86 = Release|x86
	EndGlobalSection
	GlobalSection(ProjectConfigurationPlatforms) = postSolution
		{7D34AFD0-0ED0-4EF1-BB1B-289F9A372BCB}.Debug|Any CPU.ActiveCfg = Debug|Any CPU
		{7D34AFD0-0ED0-4EF1-BB1B-289F9A372BCB}.Debug|Any CPU.Build.0 = Debug|Any CPU
		{7D34AFD0-0ED0-4EF1-BB1B-289F9A372BCB}.Debug|Any CPU.Deploy.0 = Debug|Any CPU
		{7D34AFD0-0ED0-4EF1-BB1B-289F9A372BCB}.Debug|ARM.ActiveCfg = Debug|ARM
		{7D34AFD0-0ED0-4EF1-BB1B-289F9A372BCB}.Debug|ARM.Build.0 = Debug|ARM
		{7D34AFD0-0ED0-4EF1-BB1B-289F9A372BCB}.Debug|ARM.Deploy.0 = Debug|ARM
		{7D34AFD0-0ED0-4EF1-BB1B-289F9A372BCB}.Debug|x64.ActiveCfg = Debug|x64
		{7D34AFD0-0ED0-4EF1-BB1B-289F9A372BCB}.Debug|x64.Build.0 = Debug|x64
		{7D34AFD0-0ED0-4EF1-BB1B-289F9A372BCB}.Debug|x64.Deploy.0 = Debug|x64
		{7D34AFD0-0ED0-4EF1-BB1B-289F9A372BCB}.Debug|x86.ActiveCfg = Debug|x86
		{7D34AFD0-0ED0-4EF1-BB1B-289F9A372BCB}.Debug|x86.Build.0 = Debug|x86
		{7D34AFD0-0ED0-4EF1-BB1B-289F9A372BCB}.Debug|x86.Deploy.0 = Debug|x86
		{7D34AFD0-0ED0-4EF1-BB1B-289F9A372BCB}.Release|Any CPU.ActiveCfg = Release|Any CPU
		{7D34AFD0-0ED0-4EF1-BB1B-289F9A372BCB}.Release|Any CPU.Build.0 = Release|Any CPU
		{7D34AFD0-0ED0-4EF1-BB1B-289F9A372BCB}.Release|Any CPU.Deploy.0 = Release|Any CPU
		{7D34AFD0-0ED0-4EF1-BB1B-289F9A372BCB}.Release|ARM.ActiveCfg = Release|ARM
		{7D34AFD0-0ED0-4EF1-BB1B-289F9A372BCB}.Release|ARM.Build.0 = Release|ARM
		{7D34AFD0-0ED0-4EF1-BB1B-289F9A372BCB}.Release|ARM.Deploy.0 = Release|ARM
		{7D34AFD0-0ED0-4EF1-BB1B-289F9A372BCB}.Release|x64.ActiveCfg = Release|x64
		{7D34AFD0-0ED0-4EF1-BB1B-289F9A372BCB}.Release|x64.Build.0 = Release|x64
		{7D34AFD0-0ED0-4EF1-BB1B-289F9A372BCB}.Release|x64.Deploy.0 = Release|x64
		{7D34AFD0-0ED0-4EF1-BB1B-289F9A372BCB}.Release|x86.ActiveCfg = Release|x86
		{7D34AFD0-0ED0-4EF1-BB1B-289F9A372BCB}.Release|x86.Build.0 = Release|x86
		{7D34AFD0-0ED0-4EF1-BB1B-289F9A372BCB}.Release|x86.Deploy.0 = Release|x86
	EndGlobalSection
	GlobalSection(SolutionProperties) = preSolution
		HideSolutionNode = FALSE
	EndGlobalSection
EndGlobal
